
Microsoft Visual Studio Solution File, Format Version 12.00
# Visual Studio Version 17
VisualStudioVersion = 17.8.34309.116
MinimumVisualStudioVersion = 10.0.40219.1
Project("{FAE04EC0-301F-11D3-BF4B-00C04F79EFBC}") = "COMPSCI366", "COMPSCI366.csproj", "{373A105E-97BB-4F7D-B73F-4F9BE47E6EEE}"
EndProject
Global
	GlobalSection(SolutionConfigurationPlatforms) = preSolution
		Debug|Any CPU = Debug|Any CPU
		Release|Any CPU = Release|Any CPU
	EndGlobalSection
	GlobalSection(ProjectConfigurationPlatforms) = postSolution
		{373A105E-97BB-4F7D-B73F-4F9BE47E6EEE}.Debug|Any CPU.ActiveCfg = Debug|Any CPU
		{373A105E-97BB-4F7D-B73F-4F9BE47E6EEE}.Debug|Any CPU.Build.0 = Debug|Any CPU
		{373A105E-97BB-4F7D-B73F-4F9BE47E6EEE}.Release|Any CPU.ActiveCfg = Release|Any CPU
		{373A105E-97BB-4F7D-B73F-4F9BE47E6EEE}.Release|Any CPU.Build.0 = Release|Any CPU
	EndGlobalSection
	GlobalSection(SolutionProperties) = preSolution
		HideSolutionNode = FALSE
	EndGlobalSection
	GlobalSection(ExtensibilityGlobals) = postSolution
		SolutionGuid = {EDB35BE8-8B6E-4B2C-B088-76698E4671CE}
	EndGlobalSection
EndGlobal
